// !$*UTF8*$!
{
	archiveVersion = 1;
	classes = {
	};
	objectVersion = 50;
	objects = {

/* Begin PBXBuildFile section */
		F3EADCD62318FE77008106F8 /* AppDelegate.m in Sources */ = {isa = PBXBuildFile; fileRef = F3EADCD52318FE77008106F8 /* AppDelegate.m */; };
		F3EADCD92318FE77008106F8 /* ViewController.m in Sources */ = {isa = PBXBuildFile; fileRef = F3EADCD82318FE77008106F8 /* ViewController.m */; };
		F3EADCDC2318FE77008106F8 /* Main.storyboard in Resources */ = {isa = PBXBuildFile; fileRef = F3EADCDA2318FE77008106F8 /* Main.storyboard */; };
		F3EADCDE2318FE77008106F8 /* Assets.xcassets in Resources */ = {isa = PBXBuildFile; fileRef = F3EADCDD2318FE77008106F8 /* Assets.xcassets */; };
		F3EADCE12318FE77008106F8 /* LaunchScreen.storyboard in Resources */ = {isa = PBXBuildFile; fileRef = F3EADCDF2318FE77008106F8 /* LaunchScreen.storyboard */; };
		F3EADCE42318FE77008106F8 /* main.m in Sources */ = {isa = PBXBuildFile; fileRef = F3EADCE32318FE77008106F8 /* main.m */; };
		F3EADCEE2318FE77008106F8 /* iconchangedemoTests.m in Sources */ = {isa = PBXBuildFile; fileRef = F3EADCED2318FE77008106F8 /* iconchangedemoTests.m */; };
		F3EADCF92318FE77008106F8 /* iconchangedemoUITests.m in Sources */ = {isa = PBXBuildFile; fileRef = F3EADCF82318FE77008106F8 /* iconchangedemoUITests.m */; };
		F3EADD09231904A9008106F8 /* iconbear@2x.png in Resources */ = {isa = PBXBuildFile; fileRef = F3EADD07231904A9008106F8 /* iconbear@2x.png */; };
		F3EADD0A231904A9008106F8 /* iconbear@3x.png in Resources */ = {isa = PBXBuildFile; fileRef = F3EADD08231904A9008106F8 /* iconbear@3x.png */; };
/* End PBXBuildFile section */

/* Begin PBXContainerItemProxy section */
		F3EADCEA2318FE77008106F8 /* PBXContainerItemProxy */ = {
			isa = PBXContainerItemProxy;
			containerPortal = F3EADCC92318FE77008106F8 /* Project object */;
			proxyType = 1;
			remoteGlobalIDString = F3EADCD02318FE77008106F8;
			remoteInfo = iconchangedemo;
		};
		F3EADCF52318FE77008106F8 /* PBXContainerItemProxy */ = {
			isa = PBXContainerItemProxy;
			containerPortal = F3EADCC92318FE77008106F8 /* Project object */;
			proxyType = 1;
			remoteGlobalIDString = F3EADCD02318FE77008106F8;
			remoteInfo = iconchangedemo;
		};
/* End PBXContainerItemProxy section */

/* Begin PBXFileReference section */
		F3EADCD12318FE77008106F8 /* iconchangedemo.app */ = {isa = PBXFileReference; explicitFileType = wrapper.application; includeInIndex = 0; path = iconchangedemo.app; sourceTree = BUILT_PRODUCTS_DIR; };
		F3EADCD42318FE77008106F8 /* AppDelegate.h */ = {isa = PBXFileReference; lastKnownFileType = sourcecode.c.h; path = AppDelegate.h; sourceTree = "<group>"; };
		F3EADCD52318FE77008106F8 /* AppDelegate.m */ = {isa = PBXFileReference; lastKnownFileType = sourcecode.c.objc; path = AppDelegate.m; sourceTree = "<group>"; };
		F3EADCD72318FE77008106F8 /* ViewController.h */ = {isa = PBXFileReference; lastKnownFileType = sourcecode.c.h; path = ViewController.h; sourceTree = "<group>"; };
		F3EADCD82318FE77008106F8 /* ViewController.m */ = {isa = PBXFileReference; lastKnownFileType = sourcecode.c.objc; path = ViewController.m; sourceTree = "<group>"; };
		F3EADCDB2318FE77008106F8 /* Base */ = {isa = PBXFileReference; lastKnownFileType = file.storyboard; name = Base; path = Base.lproj/Main.storyboard; sourceTree = "<group>"; };
		F3EADCDD2318FE77008106F8 /* Assets.xcassets */ = {isa = PBXFileReference; lastKnownFileType = folder.assetcatalog; path = Assets.xcassets; sourceTree = "<group>"; };
		F3EADCE02318FE77008106F8 /* Base */ = {isa = PBXFileReference; lastKnownFileType = file.storyboard; name = Base; path = Base.lproj/LaunchScreen.storyboard; sourceTree = "<group>"; };
		F3EADCE22318FE77008106F8 /* Info.plist */ = {isa = PBXFileReference; lastKnownFileType = text.plist.xml; path = Info.plist; sourceTree = "<group>"; };
		F3EADCE32318FE77008106F8 /* main.m */ = {isa = PBXFileReference; lastKnownFileType = sourcecode.c.objc; path = main.m; sourceTree = "<group>"; };
		F3EADCE92318FE77008106F8 /* iconchangedemoTests.xctest */ = {isa = PBXFileReference; explicitFileType = wrapper.cfbundle; includeInIndex = 0; path = iconchangedemoTests.xctest; sourceTree = BUILT_PRODUCTS_DIR; };
		F3EADCED2318FE77008106F8 /* iconchangedemoTests.m */ = {isa = PBXFileReference; lastKnownFileType = sourcecode.c.objc; path = iconchangedemoTests.m; sourceTree = "<group>"; };
		F3EADCEF2318FE77008106F8 /* Info.plist */ = {isa = PBXFileReference; lastKnownFileType = text.plist.xml; path = Info.plist; sourceTree = "<group>"; };
		F3EADCF42318FE77008106F8 /* iconchangedemoUITests.xctest */ = {isa = PBXFileReference; explicitFileType = wrapper.cfbundle; includeInIndex = 0; path = iconchangedemoUITests.xctest; sourceTree = BUILT_PRODUCTS_DIR; };
		F3EADCF82318FE77008106F8 /* iconchangedemoUITests.m */ = {isa = PBXFileReference; lastKnownFileType = sourcecode.c.objc; path = iconchangedemoUITests.m; sourceTree = "<group>"; };
		F3EADCFA2318FE77008106F8 /* Info.plist */ = {isa = PBXFileReference; lastKnownFileType = text.plist.xml; path = Info.plist; sourceTree = "<group>"; };
		F3EADD07231904A9008106F8 /* iconbear@2x.png */ = {isa = PBXFileReference; lastKnownFileType = image.png; path = "iconbear@2x.png"; sourceTree = "<group>"; };
		F3EADD08231904A9008106F8 /* iconbear@3x.png */ = {isa = PBXFileReference; lastKnownFileType = image.png; path = "iconbear@3x.png"; sourceTree = "<group>"; };
/* End PBXFileReference section */

/* Begin PBXFrameworksBuildPhase section */
		F3EADCCE2318FE77008106F8 /* Frameworks */ = {
			isa = PBXFrameworksBuildPhase;
			buildActionMask = 2147483647;
			files = (
			);
			runOnlyForDeploymentPostprocessing = 0;
		};
		F3EADCE62318FE77008106F8 /* Frameworks */ = {
			isa = PBXFrameworksBuildPhase;
			buildActionMask = 2147483647;
			files = (
			);
			runOnlyForDeploymentPostprocessing = 0;
		};
		F3EADCF12318FE77008106F8 /* Frameworks */ = {
			isa = PBXFrameworksBuildPhase;
			buildActionMask = 2147483647;
			files = (
			);
			runOnlyForDeploymentPostprocessing = 0;
		};
/* End PBXFrameworksBuildPhase section */

/* Begin PBXGroup section */
		F3EADCC82318FE77008106F8 = {
			isa = PBXGroup;
			children = (
				F3EADCD32318FE77008106F8 /* iconchangedemo */,
				F3EADCEC2318FE77008106F8 /* iconchangedemoTests */,
				F3EADCF72318FE77008106F8 /* iconchangedemoUITests */,
				F3EADCD22318FE77008106F8 /* Products */,
			);
			sourceTree = "<group>";
		};
		F3EADCD22318FE77008106F8 /* Products */ = {
			isa = PBXGroup;
			children = (
				F3EADCD12318FE77008106F8 /* iconchangedemo.app */,
				F3EADCE92318FE77008106F8 /* iconchangedemoTests.xctest */,
				F3EADCF42318FE77008106F8 /* iconchangedemoUITests.xctest */,
			);
			name = Products;
			sourceTree = "<group>";
		};
		F3EADCD32318FE77008106F8 /* iconchangedemo */ = {
			isa = PBXGroup;
			children = (
				F3EADD062319048D008106F8 /* icons */,
				F3EADCD42318FE77008106F8 /* AppDelegate.h */,
				F3EADCD52318FE77008106F8 /* AppDelegate.m */,
				F3EADCD72318FE77008106F8 /* ViewController.h */,
				F3EADCD82318FE77008106F8 /* ViewController.m */,
				F3EADCDA2318FE77008106F8 /* Main.storyboard */,
				F3EADCDD2318FE77008106F8 /* Assets.xcassets */,
				F3EADCDF2318FE77008106F8 /* LaunchScreen.storyboard */,
				F3EADCE22318FE77008106F8 /* Info.plist */,
				F3EADCE32318FE77008106F8 /* main.m */,
			);
			path = iconchangedemo;
			sourceTree = "<group>";
		};
		F3EADCEC2318FE77008106F8 /* iconchangedemoTests */ = {
			isa = PBXGroup;
			children = (
				F3EADCED2318FE77008106F8 /* iconchangedemoTests.m */,
				F3EADCEF2318FE77008106F8 /* Info.plist */,
			);
			path = iconchangedemoTests;
			sourceTree = "<group>";
		};
		F3EADCF72318FE77008106F8 /* iconchangedemoUITests */ = {
			isa = PBXGroup;
			children = (
				F3EADCF82318FE77008106F8 /* iconchangedemoUITests.m */,
				F3EADCFA2318FE77008106F8 /* Info.plist */,
			);
			path = iconchangedemoUITests;
			sourceTree = "<group>";
		};
		F3EADD062319048D008106F8 /* icons */ = {
			isa = PBXGroup;
			children = (
				F3EADD07231904A9008106F8 /* iconbear@2x.png */,
				F3EADD08231904A9008106F8 /* iconbear@3x.png */,
			);
			path = icons;
			sourceTree = "<group>";
		};
/* End PBXGroup section */

/* Begin PBXNativeTarget section */
		F3EADCD02318FE77008106F8 /* iconchangedemo */ = {
			isa = PBXNativeTarget;
			buildConfigurationList = F3EADCFD2318FE77008106F8 /* Build configuration list for PBXNativeTarget "iconchangedemo" */;
			buildPhases = (
				F3EADCCD2318FE77008106F8 /* Sources */,
				F3EADCCE2318FE77008106F8 /* Frameworks */,
				F3EADCCF2318FE77008106F8 /* Resources */,
			);
			buildRules = (
			);
			dependencies = (
			);
			name = iconchangedemo;
			productName = iconchangedemo;
			productReference = F3EADCD12318FE77008106F8 /* iconchangedemo.app */;
			productType = "com.apple.product-type.application";
		};
		F3EADCE82318FE77008106F8 /* iconchangedemoTests */ = {
			isa = PBXNativeTarget;
			buildConfigurationList = F3EADD002318FE77008106F8 /* Build configuration list for PBXNativeTarget "iconchangedemoTests" */;
			buildPhases = (
				F3EADCE52318FE77008106F8 /* Sources */,
				F3EADCE62318FE77008106F8 /* Frameworks */,
				F3EADCE72318FE77008106F8 /* Resources */,
			);
			buildRules = (
			);
			dependencies = (
				F3EADCEB2318FE77008106F8 /* PBXTargetDependency */,
			);
			name = iconchangedemoTests;
			productName = iconchangedemoTests;
			productReference = F3EADCE92318FE77008106F8 /* iconchangedemoTests.xctest */;
			productType = "com.apple.product-type.bundle.unit-test";
		};
		F3EADCF32318FE77008106F8 /* iconchangedemoUITests */ = {
			isa = PBXNativeTarget;
			buildConfigurationList = F3EADD032318FE77008106F8 /* Build configuration list for PBXNativeTarget "iconchangedemoUITests" */;
			buildPhases = (
				F3EADCF02318FE77008106F8 /* Sources */,
				F3EADCF12318FE77008106F8 /* Frameworks */,
				F3EADCF22318FE77008106F8 /* Resources */,
			);
			buildRules = (
			);
			dependencies = (
				F3EADCF62318FE77008106F8 /* PBXTargetDependency */,
			);
			name = iconchangedemoUITests;
			productName = iconchangedemoUITests;
			productReference = F3EADCF42318FE77008106F8 /* iconchangedemoUITests.xctest */;
			productType = "com.apple.product-type.bundle.ui-testing";
		};
/* End PBXNativeTarget section */

/* Begin PBXProject section */
		F3EADCC92318FE77008106F8 /* Project object */ = {
			isa = PBXProject;
			attributes = {
				LastUpgradeCheck = 1030;
				ORGANIZATIONNAME = iconchange;
				TargetAttributes = {
					F3EADCD02318FE77008106F8 = {
						CreatedOnToolsVersion = 10.3;
					};
					F3EADCE82318FE77008106F8 = {
						CreatedOnToolsVersion = 10.3;
						TestTargetID = F3EADCD02318FE77008106F8;
					};
					F3EADCF32318FE77008106F8 = {
						CreatedOnToolsVersion = 10.3;
						TestTargetID = F3EADCD02318FE77008106F8;
					};
				};
			};
			buildConfigurationList = F3EADCCC2318FE77008106F8 /* Build configuration list for PBXProject "iconchangedemo" */;
			compatibilityVersion = "Xcode 9.3";
			developmentRegion = en;
			hasScannedForEncodings = 0;
			knownRegions = (
				en,
				Base,
			);
			mainGroup = F3EADCC82318FE77008106F8;
			productRefGroup = F3EADCD22318FE77008106F8 /* Products */;
			projectDirPath = "";
			projectRoot = "";
			targets = (
				F3EADCD02318FE77008106F8 /* iconchangedemo */,
				F3EADCE82318FE77008106F8 /* iconchangedemoTests */,
				F3EADCF32318FE77008106F8 /* iconchangedemoUITests */,
			);
		};
/* End PBXProject section */

/* Begin PBXResourcesBuildPhase section */
		F3EADCCF2318FE77008106F8 /* Resources */ = {
			isa = PBXResourcesBuildPhase;
			buildActionMask = 2147483647;
			files = (
				F3EADCE12318FE77008106F8 /* LaunchScreen.storyboard in Resources */,
				F3EADCDE2318FE77008106F8 /* Assets.xcassets in Resources */,
				F3EADCDC2318FE77008106F8 /* Main.storyboard in Resources */,
				F3EADD09231904A9008106F8 /* iconbear@2x.png in Resources */,
				F3EADD0A231904A9008106F8 /* iconbear@3x.png in Resources */,
			);
			runOnlyForDeploymentPostprocessing = 0;
		};
		F3EADCE72318FE77008106F8 /* Resources */ = {
			isa = PBXResourcesBuildPhase;
			buildActionMask = 2147483647;
			files = (
			);
			runOnlyForDeploymentPostprocessing = 0;
		};
		F3EADCF22318FE77008106F8 /* Resources */ = {
			isa = PBXResourcesBuildPhase;
			buildActionMask = 2147483647;
			files = (
			);
			runOnlyForDeploymentPostprocessing = 0;
		};
/* End PBXResourcesBuildPhase section */

/* Begin PBXSourcesBuildPhase section */
		F3EADCCD2318FE77008106F8 /* Sources */ = {
			isa = PBXSourcesBuildPhase;
			buildActionMask = 2147483647;
			files = (
				F3EADCD92318FE77008106F8 /* ViewController.m in Sources */,
				F3EADCE42318FE77008106F8 /* main.m in Sources */,
				F3EADCD62318FE77008106F8 /* AppDelegate.m in Sources */,
			);
			runOnlyForDeploymentPostprocessing = 0;
		};
		F3EADCE52318FE77008106F8 /* Sources */ = {
			isa = PBXSourcesBuildPhase;
			buildActionMask = 2147483647;
			files = (
				F3EADCEE2318FE77008106F8 /* iconchangedemoTests.m in Sources */,
			);
			runOnlyForDeploymentPostprocessing = 0;
		};
		F3EADCF02318FE77008106F8 /* Sources */ = {
			isa = PBXSourcesBuildPhase;
			buildActionMask = 2147483647;
			files = (
				F3EADCF92318FE77008106F8 /* iconchangedemoUITests.m in Sources */,
			);
			runOnlyForDeploymentPostprocessing = 0;
		};
/* End PBXSourcesBuildPhase section */

/* Begin PBXTargetDependency section */
		F3EADCEB2318FE77008106F8 /* PBXTargetDependency */ = {
			isa = PBXTargetDependency;
			target = F3EADCD02318FE77008106F8 /* iconchangedemo */;
			targetProxy = F3EADCEA2318FE77008106F8 /* PBXContainerItemProxy */;
		};
		F3EADCF62318FE77008106F8 /* PBXTargetDependency */ = {
			isa = PBXTargetDependency;
			target = F3EADCD02318FE77008106F8 /* iconchangedemo */;
			targetProxy = F3EADCF52318FE77008106F8 /* PBXContainerItemProxy */;
		};
/* End PBXTargetDependency section */

/* Begin PBXVariantGroup section */
		F3EADCDA2318FE77008106F8 /* Main.storyboard */ = {
			isa = PBXVariantGroup;
			children = (
				F3EADCDB2318FE77008106F8 /* Base */,
			);
			name = Main.storyboard;
			sourceTree = "<group>";
		};
		F3EADCDF2318FE77008106F8 /* LaunchScreen.storyboard */ = {
			isa = PBXVariantGroup;
			children = (
				F3EADCE02318FE77008106F8 /* Base */,
			);
			name = LaunchScreen.storyboard;
			sourceTree = "<group>";
		};
/* End PBXVariantGroup section */

/* Begin XCBuildConfiguration section */
		F3EADCFB2318FE77008106F8 /* Debug */ = {
			isa = XCBuildConfiguration;
			buildSettings = {
				ALWAYS_SEARCH_USER_PATHS = NO;
				CLANG_ANALYZER_NONNULL = YES;
				CLANG_ANALYZER_NUMBER_OBJECT_CONVERSION = YES_AGGRESSIVE;
				CLANG_CXX_LANGUAGE_STANDARD = "gnu++14";
				CLANG_CXX_LIBRARY = "libc++";
				CLANG_ENABLE_MODULES = YES;
				CLANG_ENABLE_OBJC_ARC = YES;
				CLANG_ENABLE_OBJC_WEAK = YES;
				CLANG_WARN_BLOCK_CAPTURE_AUTORELEASING = YES;
				CLANG_WARN_BOOL_CONVERSION = YES;
				CLANG_WARN_COMMA = YES;
				CLANG_WARN_CONSTANT_CONVERSION = YES;
				CLANG_WARN_DEPRECATED_OBJC_IMPLEMENTATIONS = YES;
				CLANG_WARN_DIRECT_OBJC_ISA_USAGE = YES_ERROR;
				CLANG_WARN_DOCUMENTATION_COMMENTS = YES;
				CLANG_WARN_EMPTY_BODY = YES;
				CLANG_WARN_ENUM_CONVERSION = YES;
				CLANG_WARN_INFINITE_RECURSION = YES;
				CLANG_WARN_INT_CONVERSION = YES;
				CLANG_WARN_NON_LITERAL_NULL_CONVERSION = YES;
				CLANG_WARN_OBJC_IMPLICIT_RETAIN_SELF = YES;
				CLANG_WARN_OBJC_LITERAL_CONVERSION = YES;
				CLANG_WARN_OBJC_ROOT_CLASS = YES_ERROR;
				CLANG_WARN_RANGE_LOOP_ANALYSIS = YES;
				CLANG_WARN_STRICT_PROTOTYPES = YES;
				CLANG_WARN_SUSPICIOUS_MOVE = YES;
				CLANG_WARN_UNGUARDED_AVAILABILITY = YES_AGGRESSIVE;
				CLANG_WARN_UNREACHABLE_CODE = YES;
				CLANG_WARN__DUPLICATE_METHOD_MATCH = YES;
				CODE_SIGN_IDENTITY = "iPhone Developer";
				COPY_PHASE_STRIP = NO;
				DEBUG_INFORMATION_FORMAT = dwarf;
				ENABLE_STRICT_OBJC_MSGSEND = YES;
				ENABLE_TESTABILITY = YES;
				GCC_C_LANGUAGE_STANDARD = gnu11;
				GCC_DYNAMIC_NO_PIC = NO;
				GCC_NO_COMMON_BLOCKS = YES;
				GCC_OPTIMIZATION_LEVEL = 0;
				GCC_PREPROCESSOR_DEFINITIONS = (
					"DEBUG=1",
					"$(inherited)",
				);
				GCC_WARN_64_TO_32_BIT_CONVERSION = YES;
				GCC_WARN_ABOUT_RETURN_TYPE = YES_ERROR;
				GCC_WARN_UNDECLARED_SELECTOR = YES;
				GCC_WARN_UNINITIALIZED_AUTOS = YES_AGGRESSIVE;
				GCC_WARN_UNUSED_FUNCTION = YES;
				GCC_WARN_UNUSED_VARIABLE = YES;
				IPHONEOS_DEPLOYMENT_TARGET = 12.4;
				MTL_ENABLE_DEBUG_INFO = INCLUDE_SOURCE;
				MTL_FAST_MATH = YES;
				ONLY_ACTIVE_ARCH = YES;
				SDKROOT = iphoneos;
			};
			name = Debug;
		};
		F3EADCFC2318FE77008106F8 /* Release */ = {
			isa = XCBuildConfiguration;
			buildSettings = {
				ALWAYS_SEARCH_USER_PATHS = NO;
				CLANG_ANALYZER_NONNULL = YES;
				CLANG_ANALYZER_NUMBER_OBJECT_CONVERSION = YES_AGGRESSIVE;
				CLANG_CXX_LANGUAGE_STANDARD = "gnu++14";
				CLANG_CXX_LIBRARY = "libc++";
				CLANG_ENABLE_MODULES = YES;
				CLANG_ENABLE_OBJC_ARC = YES;
				CLANG_ENABLE_OBJC_WEAK = YES;
				CLANG_WARN_BLOCK_CAPTURE_AUTORELEASING = YES;
				CLANG_WARN_BOOL_CONVERSION = YES;
				CLANG_WARN_COMMA = YES;
				CLANG_WARN_CONSTANT_CONVERSION = YES;
				CLANG_WARN_DEPRECATED_OBJC_IMPLEMENTATIONS = YES;
				CLANG_WARN_DIRECT_OBJC_ISA_USAGE = YES_ERROR;
				CLANG_WARN_DOCUMENTATION_COMMENTS = YES;
				CLANG_WARN_EMPTY_BODY = YES;
				CLANG_WARN_ENUM_CONVERSION = YES;
				CLANG_WARN_INFINITE_RECURSION = YES;
				CLANG_WARN_INT_CONVERSION = YES;
				CLANG_WARN_NON_LITERAL_NULL_CONVERSION = YES;
				CLANG_WARN_OBJC_IMPLICIT_RETAIN_SELF = YES;
				CLANG_WARN_OBJC_LITERAL_CONVERSION = YES;
				CLANG_WARN_OBJC_ROOT_CLASS = YES_ERROR;
				CLANG_WARN_RANGE_LOOP_ANALYSIS = YES;
				CLANG_WARN_STRICT_PROTOTYPES = YES;
				CLANG_WARN_SUSPICIOUS_MOVE = YES;
				CLANG_WARN_UNGUARDED_AVAILABILITY = YES_AGGRESSIVE;
				CLANG_WARN_UNREACHABLE_CODE = YES;
				CLANG_WARN__DUPLICATE_METHOD_MATCH = YES;
				CODE_SIGN_IDENTITY = "iPhone Developer";
				COPY_PHASE_STRIP = NO;
				DEBUG_INFORMATION_FORMAT = "dwarf-with-dsym";
				ENABLE_NS_ASSERTIONS = NO;
				ENABLE_STRICT_OBJC_MSGSEND = YES;
				GCC_C_LANGUAGE_STANDARD = gnu11;
				GCC_NO_COMMON_BLOCKS = YES;
				GCC_WARN_64_TO_32_BIT_CONVERSION = YES;
				GCC_WARN_ABOUT_RETURN_TYPE = YES_ERROR;
				GCC_WARN_UNDECLARED_SELECTOR = YES;
				GCC_WARN_UNINITIALIZED_AUTOS = YES_AGGRESSIVE;
				GCC_WARN_UNUSED_FUNCTION = YES;
				GCC_WARN_UNUSED_VARIABLE = YES;
				IPHONEOS_DEPLOYMENT_TARGET = 12.4;
				MTL_ENABLE_DEBUG_INFO = NO;
				MTL_FAST_MATH = YES;
				SDKROOT = iphoneos;
				VALIDATE_PRODUCT = YES;
			};
			name = Release;
		};
		F3EADCFE2318FE77008106F8 /* Debug */ = {
			isa = XCBuildConfiguration;
			buildSettings = {
				ASSETCATALOG_COMPILER_APPICON_NAME = AppIcon;
				CODE_SIGN_STYLE = Automatic;
				DEVELOPMENT_TEAM = W58KN2277D;
				INFOPLIST_FILE = iconchangedemo/Info.plist;
				LD_RUNPATH_SEARCH_PATHS = (
					"$(inherited)",
					"@executable_path/Frameworks",
				);
				PRODUCT_BUNDLE_IDENTIFIER = iconchange.iconchangedemo;
				PRODUCT_NAME = "$(TARGET_NAME)";
				TARGETED_DEVICE_FAMILY = 1;
			};
			name = Debug;
		};
		F3EADCFF2318FE77008106F8 /* Release */ = {
			isa = XCBuildConfiguration;
			buildSettings = {
				ASSETCATALOG_COMPILER_APPICON_NAME = AppIcon;
				CODE_SIGN_STYLE = Automatic;
				DEVELOPMENT_TEAM = W58KN2277D;
				INFOPLIST_FILE = iconchangedemo/Info.plist;
				LD_RUNPATH_SEARCH_PATHS = (
					"$(inherited)",
					"@executable_path/Frameworks",
				);
				PRODUCT_BUNDLE_IDENTIFIER = iconchange.iconchangedemo;
				PRODUCT_NAME = "$(TARGET_NAME)";
				TARGETED_DEVICE_FAMILY = 1;
			};
			name = Release;
		};
		F3EADD012318FE77008106F8 /* Debug */ = {
			isa = XCBuildConfiguration;
			buildSettings = {
				BUNDLE_LOADER = "$(TEST_HOST)";
				CODE_SIGN_STYLE = Automatic;
				DEVELOPMENT_TEAM = W58KN2277D;
				INFOPLIST_FILE = iconchangedemoTests/Info.plist;
				LD_RUNPATH_SEARCH_PATHS = (
					"$(inherited)",
					"@executable_path/Frameworks",
					"@loader_path/Frameworks",
				);
				PRODUCT_BUNDLE_IDENTIFIER = iconchange.iconchangedemoTests;
				PRODUCT_NAME = "$(TARGET_NAME)";
				TARGETED_DEVICE_FAMILY = "1,2";
				TEST_HOST = "$(BUILT_PRODUCTS_DIR)/iconchangedemo.app/iconchangedemo";
			};
			name = Debug;
		};
		F3EADD022318FE77008106F8 /* Release */ = {
			isa = XCBuildConfiguration;
			buildSettings = {
				BUNDLE_LOADER = "$(TEST_HOST)";
				CODE_SIGN_STYLE = Automatic;
				DEVELOPMENT_TEAM = W58KN2277D;
				INFOPLIST_FILE = iconchangedemoTests/Info.plist;
				LD_RUNPATH_SEARCH_PATHS = (
					"$(inherited)",
					"@executable_path/Frameworks",
					"@loader_path/Frameworks",
				);
				PRODUCT_BUNDLE_IDENTIFIER = iconchange.iconchangedemoTests;
				PRODUCT_NAME = "$(TARGET_NAME)";
				TARGETED_DEVICE_FAMILY = "1,2";
				TEST_HOST = "$(BUILT_PRODUCTS_DIR)/iconchangedemo.app/iconchangedemo";
			};
			name = Release;
		};
		F3EADD042318FE77008106F8 /* Debug */ = {
			isa = XCBuildConfiguration;
			buildSettings = {
				CODE_SIGN_STYLE = Automatic;
				DEVELOPMENT_TEAM = W58KN2277D;
				INFOPLIST_FILE = iconchangedemoUITests/Info.plist;
				LD_RUNPATH_SEARCH_PATHS = (
					"$(inherited)",
					"@executable_path/Frameworks",
					"@loader_path/Frameworks",
				);
				PRODUCT_BUNDLE_IDENTIFIER = iconchange.iconchangedemoUITests;
				PRODUCT_NAME = "$(TARGET_NAME)";
				TARGETED_DEVICE_FAMILY = "1,2";
				TEST_TARGET_NAME = iconchangedemo;
			};
			name = Debug;
		};
		F3EADD052318FE77008106F8 /* Release */ = {
			isa = XCBuildConfiguration;
			buildSettings = {
				CODE_SIGN_STYLE = Automatic;
				DEVELOPMENT_TEAM = W58KN2277D;
				INFOPLIST_FILE = iconchangedemoUITests/Info.plist;
				LD_RUNPATH_SEARCH_PATHS = (
					"$(inherited)",
					"@executable_path/Frameworks",
					"@loader_path/Frameworks",
				);
				PRODUCT_BUNDLE_IDENTIFIER = iconchange.iconchangedemoUITests;
				PRODUCT_NAME = "$(TARGET_NAME)";
				TARGETED_DEVICE_FAMILY = "1,2";
				TEST_TARGET_NAME = iconchangedemo;
			};
			name = Release;
		};
/* End XCBuildConfiguration section */

/* Begin XCConfigurationList section */
		F3EADCCC2318FE77008106F8 /* Build configuration list for PBXProject "iconchangedemo" */ = {
			isa = XCConfigurationList;
			buildConfigurations = (
				F3EADCFB2318FE77008106F8 /* Debug */,
				F3EADCFC2318FE77008106F8 /* Release */,
			);
			defaultConfigurationIsVisible = 0;
			defaultConfigurationName = Release;
		};
		F3EADCFD2318FE77008106F8 /* Build configuration list for PBXNativeTarget "iconchangedemo" */ = {
			isa = XCConfigurationList;
			buildConfigurations = (
				F3EADCFE2318FE77008106F8 /* Debug */,
				F3EADCFF2318FE77008106F8 /* Release */,
			);
			defaultConfigurationIsVisible = 0;
			defaultConfigurationName = Release;
		};
		F3EADD002318FE77008106F8 /* Build configuration list for PBXNativeTarget "iconchangedemoTests" */ = {
			isa = XCConfigurationList;
			buildConfigurations = (
				F3EADD012318FE77008106F8 /* Debug */,
				F3EADD022318FE77008106F8 /* Release */,
			);
			defaultConfigurationIsVisible = 0;
			defaultConfigurationName = Release;
		};
		F3EADD032318FE77008106F8 /* Build configuration list for PBXNativeTarget "iconchangedemoUITests" */ = {
			isa = XCConfigurationList;
			buildConfigurations = (
				F3EADD042318FE77008106F8 /* Debug */,
				F3EADD052318FE77008106F8 /* Release */,
			);
			defaultConfigurationIsVisible = 0;
			defaultConfigurationName = Release;
		};
/* End XCConfigurationList section */
	};
	rootObject = F3EADCC92318FE77008106F8 /* Project object */;
}
